
Microsoft Visual Studio Solution File, Format Version 12.00
# Visual Studio 15
Project("{FAE04EC0-301F-11D3-BF4B-00C04F79EFBC}") = "SectionListMvvmCross", "SectionListMvvmCross\SectionListMvvmCross.csproj", "{978E5DF8-F7B6-4815-9062-3A397C4478E3}"
EndProject
Project("{FAE04EC0-301F-11D3-BF4B-00C04F79EFBC}") = "SectionListMvvmCross.iOS", "iOS\SectionListMvvmCross.iOS.csproj", "{F3F2D6E7-6072-4BD9-A0E5-99EB14F841B9}"
EndProject
Global
	GlobalSection(SolutionConfigurationPlatforms) = preSolution
		Debug|Any CPU = Debug|Any CPU
		Release|Any CPU = Release|Any CPU
		Debug|iPhoneSimulator = Debug|iPhoneSimulator
		Release|iPhone = Release|iPhone
		Release|iPhoneSimulator = Release|iPhoneSimulator
		Debug|iPhone = Debug|iPhone
	EndGlobalSection
	GlobalSection(ProjectConfigurationPlatforms) = postSolution
		{978E5DF8-F7B6-4815-9062-3A397C4478E3}.Debug|Any CPU.ActiveCfg = Debug|Any CPU
		{978E5DF8-F7B6-4815-9062-3A397C4478E3}.Debug|Any CPU.Build.0 = Debug|Any CPU
		{978E5DF8-F7B6-4815-9062-3A397C4478E3}.Release|Any CPU.ActiveCfg = Release|Any CPU
		{978E5DF8-F7B6-4815-9062-3A397C4478E3}.Release|Any CPU.Build.0 = Release|Any CPU
		{978E5DF8-F7B6-4815-9062-3A397C4478E3}.Debug|iPhoneSimulator.ActiveCfg = Debug|Any CPU
		{978E5DF8-F7B6-4815-9062-3A397C4478E3}.Debug|iPhoneSimulator.Build.0 = Debug|Any CPU
		{978E5DF8-F7B6-4815-9062-3A397C4478E3}.Release|iPhone.ActiveCfg = Release|Any CPU
		{978E5DF8-F7B6-4815-9062-3A397C4478E3}.Release|iPhone.Build.0 = Release|Any CPU
		{978E5DF8-F7B6-4815-9062-3A397C4478E3}.Release|iPhoneSimulator.ActiveCfg = Release|Any CPU
		{978E5DF8-F7B6-4815-9062-3A397C4478E3}.Release|iPhoneSimulator.Build.0 = Release|Any CPU
		{978E5DF8-F7B6-4815-9062-3A397C4478E3}.Debug|iPhone.ActiveCfg = Debug|Any CPU
		{978E5DF8-F7B6-4815-9062-3A397C4478E3}.Debug|iPhone.Build.0 = Debug|Any CPU
		{F3F2D6E7-6072-4BD9-A0E5-99EB14F841B9}.Debug|Any CPU.ActiveCfg = Debug|iPhoneSimulator
		{F3F2D6E7-6072-4BD9-A0E5-99EB14F841B9}.Debug|Any CPU.Build.0 = Debug|iPhoneSimulator
		{F3F2D6E7-6072-4BD9-A0E5-99EB14F841B9}.Release|Any CPU.ActiveCfg = Release|iPhone
		{F3F2D6E7-6072-4BD9-A0E5-99EB14F841B9}.Release|Any CPU.Build.0 = Release|iPhone
		{F3F2D6E7-6072-4BD9-A0E5-99EB14F841B9}.Debug|iPhoneSimulator.ActiveCfg = Debug|iPhoneSimulator
		{F3F2D6E7-6072-4BD9-A0E5-99EB14F841B9}.Debug|iPhoneSimulator.Build.0 = Debug|iPhoneSimulator
		{F3F2D6E7-6072-4BD9-A0E5-99EB14F841B9}.Release|iPhone.ActiveCfg = Release|iPhone
		{F3F2D6E7-6072-4BD9-A0E5-99EB14F841B9}.Release|iPhone.Build.0 = Release|iPhone
		{F3F2D6E7-6072-4BD9-A0E5-99EB14F841B9}.Release|iPhoneSimulator.ActiveCfg = Release|iPhoneSimulator
		{F3F2D6E7-6072-4BD9-A0E5-99EB14F841B9}.Release|iPhoneSimulator.Build.0 = Release|iPhoneSimulator
		{F3F2D6E7-6072-4BD9-A0E5-99EB14F841B9}.Debug|iPhone.ActiveCfg = Debug|iPhone
		{F3F2D6E7-6072-4BD9-A0E5-99EB14F841B9}.Debug|iPhone.Build.0 = Debug|iPhone
	EndGlobalSection
EndGlobal
